
Microsoft Visual Studio Solution File, Format Version 12.00
# Visual Studio Version 17
VisualStudioVersion = 17.14.36203.30 d17.14
MinimumVisualStudioVersion = 10.0.40219.1
Project("{FAE04EC0-301F-11D3-BF4B-00C04F79EFBC}") = "ProductApp", "ProductApp\ProductApp.csproj", "{F4E0875A-C3E7-4532-9C2A-E37C46746B67}"
EndProject
Global
	GlobalSection(SolutionConfigurationPlatforms) = preSolution
		Debug|Any CPU = Debug|Any CPU
		Release|Any CPU = Release|Any CPU
	EndGlobalSection
	GlobalSection(ProjectConfigurationPlatforms) = postSolution
		{F4E0875A-C3E7-4532-9C2A-E37C46746B67}.Debug|Any CPU.ActiveCfg = Debug|Any CPU
		{F4E0875A-C3E7-4532-9C2A-E37C46746B67}.Debug|Any CPU.Build.0 = Debug|Any CPU
		{F4E0875A-C3E7-4532-9C2A-E37C46746B67}.Release|Any CPU.ActiveCfg = Release|Any CPU
		{F4E0875A-C3E7-4532-9C2A-E37C46746B67}.Release|Any CPU.Build.0 = Release|Any CPU
	EndGlobalSection
	GlobalSection(SolutionProperties) = preSolution
		HideSolutionNode = FALSE
	EndGlobalSection
	GlobalSection(ExtensibilityGlobals) = postSolution
		SolutionGuid = {DDBE5877-9644-4382-9959-37863F61DFD7}
	EndGlobalSection
EndGlobal
